// !$*UTF8*$!
{
	archiveVersion = 1;
	classes = {
	};
	objectVersion = 50;
	objects = {

/* Begin PBXBuildFile section */
		428BA37020BFDFDC0050FB79 /* AppDelegate.swift in Sources */ = {isa = PBXBuildFile; fileRef = 428BA36F20BFDFDC0050FB79 /* AppDelegate.swift */; };
		428BA37220BFDFDC0050FB79 /* ViewController.swift in Sources */ = {isa = PBXBuildFile; fileRef = 428BA37120BFDFDC0050FB79 /* ViewController.swift */; };
		428BA37520BFDFDC0050FB79 /* Main.storyboard in Resources */ = {isa = PBXBuildFile; fileRef = 428BA37320BFDFDC0050FB79 /* Main.storyboard */; };
		428BA37720BFDFDD0050FB79 /* Assets.xcassets in Resources */ = {isa = PBXBuildFile; fileRef = 428BA37620BFDFDD0050FB79 /* Assets.xcassets */; };
		428BA37A20BFDFDD0050FB79 /* LaunchScreen.storyboard in Resources */ = {isa = PBXBuildFile; fileRef = 428BA37820BFDFDD0050FB79 /* LaunchScreen.storyboard */; };
		428BA38520BFDFDD0050FB79 /* Gradient_Background_UIViewTests.swift in Sources */ = {isa = PBXBuildFile; fileRef = 428BA38420BFDFDD0050FB79 /* Gradient_Background_UIViewTests.swift */; };
		428BA39020BFDFDD0050FB79 /* Gradient_Background_UIViewUITests.swift in Sources */ = {isa = PBXBuildFile; fileRef = 428BA38F20BFDFDD0050FB79 /* Gradient_Background_UIViewUITests.swift */; };
/* End PBXBuildFile section */

/* Begin PBXContainerItemProxy section */
		428BA38120BFDFDD0050FB79 /* PBXContainerItemProxy */ = {
			isa = PBXContainerItemProxy;
			containerPortal = 428BA36420BFDFDC0050FB79 /* Project object */;
			proxyType = 1;
			remoteGlobalIDString = 428BA36B20BFDFDC0050FB79;
			remoteInfo = "Gradient Background UIView";
		};
		428BA38C20BFDFDD0050FB79 /* PBXContainerItemProxy */ = {
			isa = PBXContainerItemProxy;
			containerPortal = 428BA36420BFDFDC0050FB79 /* Project object */;
			proxyType = 1;
			remoteGlobalIDString = 428BA36B20BFDFDC0050FB79;
			remoteInfo = "Gradient Background UIView";
		};
/* End PBXContainerItemProxy section */

/* Begin PBXFileReference section */
		428BA36C20BFDFDC0050FB79 /* Gradient Background UIView.app */ = {isa = PBXFileReference; explicitFileType = wrapper.application; includeInIndex = 0; path = "Gradient Background UIView.app"; sourceTree = BUILT_PRODUCTS_DIR; };
		428BA36F20BFDFDC0050FB79 /* AppDelegate.swift */ = {isa = PBXFileReference; lastKnownFileType = sourcecode.swift; path = AppDelegate.swift; sourceTree = "<group>"; };
		428BA37120BFDFDC0050FB79 /* ViewController.swift */ = {isa = PBXFileReference; lastKnownFileType = sourcecode.swift; path = ViewController.swift; sourceTree = "<group>"; };
		428BA37420BFDFDC0050FB79 /* Base */ = {isa = PBXFileReference; lastKnownFileType = file.storyboard; name = Base; path = Base.lproj/Main.storyboard; sourceTree = "<group>"; };
		428BA37620BFDFDD0050FB79 /* Assets.xcassets */ = {isa = PBXFileReference; lastKnownFileType = folder.assetcatalog; path = Assets.xcassets; sourceTree = "<group>"; };
		428BA37920BFDFDD0050FB79 /* Base */ = {isa = PBXFileReference; lastKnownFileType = file.storyboard; name = Base; path = Base.lproj/LaunchScreen.storyboard; sourceTree = "<group>"; };
		428BA37B20BFDFDD0050FB79 /* Info.plist */ = {isa = PBXFileReference; lastKnownFileType = text.plist.xml; path = Info.plist; sourceTree = "<group>"; };
		428BA38020BFDFDD0050FB79 /* Gradient Background UIViewTests.xctest */ = {isa = PBXFileReference; explicitFileType = wrapper.cfbundle; includeInIndex = 0; path = "Gradient Background UIViewTests.xctest"; sourceTree = BUILT_PRODUCTS_DIR; };
		428BA38420BFDFDD0050FB79 /* Gradient_Background_UIViewTests.swift */ = {isa = PBXFileReference; lastKnownFileType = sourcecode.swift; path = Gradient_Background_UIViewTests.swift; sourceTree = "<group>"; };
		428BA38620BFDFDD0050FB79 /* Info.plist */ = {isa = PBXFileReference; lastKnownFileType = text.plist.xml; path = Info.plist; sourceTree = "<group>"; };
		428BA38B20BFDFDD0050FB79 /* Gradient Background UIViewUITests.xctest */ = {isa = PBXFileReference; explicitFileType = wrapper.cfbundle; includeInIndex = 0; path = "Gradient Background UIViewUITests.xctest"; sourceTree = BUILT_PRODUCTS_DIR; };
		428BA38F20BFDFDD0050FB79 /* Gradient_Background_UIViewUITests.swift */ = {isa = PBXFileReference; lastKnownFileType = sourcecode.swift; path = Gradient_Background_UIViewUITests.swift; sourceTree = "<group>"; };
		428BA39120BFDFDD0050FB79 /* Info.plist */ = {isa = PBXFileReference; lastKnownFileType = text.plist.xml; path = Info.plist; sourceTree = "<group>"; };
/* End PBXFileReference section */

/* Begin PBXFrameworksBuildPhase section */
		428BA36920BFDFDC0050FB79 /* Frameworks */ = {
			isa = PBXFrameworksBuildPhase;
			buildActionMask = 2147483647;
			files = (
			);
			runOnlyForDeploymentPostprocessing = 0;
		};
		428BA37D20BFDFDD0050FB79 /* Frameworks */ = {
			isa = PBXFrameworksBuildPhase;
			buildActionMask = 2147483647;
			files = (
			);
			runOnlyForDeploymentPostprocessing = 0;
		};
		428BA38820BFDFDD0050FB79 /* Frameworks */ = {
			isa = PBXFrameworksBuildPhase;
			buildActionMask = 2147483647;
			files = (
			);
			runOnlyForDeploymentPostprocessing = 0;
		};
/* End PBXFrameworksBuildPhase section */

/* Begin PBXGroup section */
		428BA36320BFDFDC0050FB79 = {
			isa = PBXGroup;
			children = (
				428BA36E20BFDFDC0050FB79 /* Gradient Background UIView */,
				428BA38320BFDFDD0050FB79 /* Gradient Background UIViewTests */,
				428BA38E20BFDFDD0050FB79 /* Gradient Background UIViewUITests */,
				428BA36D20BFDFDC0050FB79 /* Products */,
			);
			sourceTree = "<group>";
		};
		428BA36D20BFDFDC0050FB79 /* Products */ = {
			isa = PBXGroup;
			children = (
				428BA36C20BFDFDC0050FB79 /* Gradient Background UIView.app */,
				428BA38020BFDFDD0050FB79 /* Gradient Background UIViewTests.xctest */,
				428BA38B20BFDFDD0050FB79 /* Gradient Background UIViewUITests.xctest */,
			);
			name = Products;
			sourceTree = "<group>";
		};
		428BA36E20BFDFDC0050FB79 /* Gradient Background UIView */ = {
			isa = PBXGroup;
			children = (
				428BA36F20BFDFDC0050FB79 /* AppDelegate.swift */,
				428BA37120BFDFDC0050FB79 /* ViewController.swift */,
				428BA37320BFDFDC0050FB79 /* Main.storyboard */,
				428BA37620BFDFDD0050FB79 /* Assets.xcassets */,
				428BA37820BFDFDD0050FB79 /* LaunchScreen.storyboard */,
				428BA37B20BFDFDD0050FB79 /* Info.plist */,
			);
			path = "Gradient Background UIView";
			sourceTree = "<group>";
		};
		428BA38320BFDFDD0050FB79 /* Gradient Background UIViewTests */ = {
			isa = PBXGroup;
			children = (
				428BA38420BFDFDD0050FB79 /* Gradient_Background_UIViewTests.swift */,
				428BA38620BFDFDD0050FB79 /* Info.plist */,
			);
			path = "Gradient Background UIViewTests";
			sourceTree = "<group>";
		};
		428BA38E20BFDFDD0050FB79 /* Gradient Background UIViewUITests */ = {
			isa = PBXGroup;
			children = (
				428BA38F20BFDFDD0050FB79 /* Gradient_Background_UIViewUITests.swift */,
				428BA39120BFDFDD0050FB79 /* Info.plist */,
			);
			path = "Gradient Background UIViewUITests";
			sourceTree = "<group>";
		};
/* End PBXGroup section */

/* Begin PBXNativeTarget section */
		428BA36B20BFDFDC0050FB79 /* Gradient Background UIView */ = {
			isa = PBXNativeTarget;
			buildConfigurationList = 428BA39420BFDFDD0050FB79 /* Build configuration list for PBXNativeTarget "Gradient Background UIView" */;
			buildPhases = (
				428BA36820BFDFDC0050FB79 /* Sources */,
				428BA36920BFDFDC0050FB79 /* Frameworks */,
				428BA36A20BFDFDC0050FB79 /* Resources */,
			);
			buildRules = (
			);
			dependencies = (
			);
			name = "Gradient Background UIView";
			productName = "Gradient Background UIView";
			productReference = 428BA36C20BFDFDC0050FB79 /* Gradient Background UIView.app */;
			productType = "com.apple.product-type.application";
		};
		428BA37F20BFDFDD0050FB79 /* Gradient Background UIViewTests */ = {
			isa = PBXNativeTarget;
			buildConfigurationList = 428BA39720BFDFDD0050FB79 /* Build configuration list for PBXNativeTarget "Gradient Background UIViewTests" */;
			buildPhases = (
				428BA37C20BFDFDD0050FB79 /* Sources */,
				428BA37D20BFDFDD0050FB79 /* Frameworks */,
				428BA37E20BFDFDD0050FB79 /* Resources */,
			);
			buildRules = (
			);
			dependencies = (
				428BA38220BFDFDD0050FB79 /* PBXTargetDependency */,
			);
			name = "Gradient Background UIViewTests";
			productName = "Gradient Background UIViewTests";
			productReference = 428BA38020BFDFDD0050FB79 /* Gradient Background UIViewTests.xctest */;
			productType = "com.apple.product-type.bundle.unit-test";
		};
		428BA38A20BFDFDD0050FB79 /* Gradient Background UIViewUITests */ = {
			isa = PBXNativeTarget;
			buildConfigurationList = 428BA39A20BFDFDD0050FB79 /* Build configuration list for PBXNativeTarget "Gradient Background UIViewUITests" */;
			buildPhases = (
				428BA38720BFDFDD0050FB79 /* Sources */,
				428BA38820BFDFDD0050FB79 /* Frameworks */,
				428BA38920BFDFDD0050FB79 /* Resources */,
			);
			buildRules = (
			);
			dependencies = (
				428BA38D20BFDFDD0050FB79 /* PBXTargetDependency */,
			);
			name = "Gradient Background UIViewUITests";
			productName = "Gradient Background UIViewUITests";
			productReference = 428BA38B20BFDFDD0050FB79 /* Gradient Background UIViewUITests.xctest */;
			productType = "com.apple.product-type.bundle.ui-testing";
		};
/* End PBXNativeTarget section */

/* Begin PBXProject section */
		428BA36420BFDFDC0050FB79 /* Project object */ = {
			isa = PBXProject;
			attributes = {
				LastSwiftUpdateCheck = 0930;
				LastUpgradeCheck = 0930;
				ORGANIZATIONNAME = "Marco Falanga";
				TargetAttributes = {
					428BA36B20BFDFDC0050FB79 = {
						CreatedOnToolsVersion = 9.3;
					};
					428BA37F20BFDFDD0050FB79 = {
						CreatedOnToolsVersion = 9.3;
						TestTargetID = 428BA36B20BFDFDC0050FB79;
					};
					428BA38A20BFDFDD0050FB79 = {
						CreatedOnToolsVersion = 9.3;
						TestTargetID = 428BA36B20BFDFDC0050FB79;
					};
				};
			};
			buildConfigurationList = 428BA36720BFDFDC0050FB79 /* Build configuration list for PBXProject "Gradient Background UIView" */;
			compatibilityVersion = "Xcode 9.3";
			developmentRegion = en;
			hasScannedForEncodings = 0;
			knownRegions = (
				en,
				Base,
			);
			mainGroup = 428BA36320BFDFDC0050FB79;
			productRefGroup = 428BA36D20BFDFDC0050FB79 /* Products */;
			projectDirPath = "";
			projectRoot = "";
			targets = (
				428BA36B20BFDFDC0050FB79 /* Gradient Background UIView */,
				428BA37F20BFDFDD0050FB79 /* Gradient Background UIViewTests */,
				428BA38A20BFDFDD0050FB79 /* Gradient Background UIViewUITests */,
			);
		};
/* End PBXProject section */

/* Begin PBXResourcesBuildPhase section */
		428BA36A20BFDFDC0050FB79 /* Resources */ = {
			isa = PBXResourcesBuildPhase;
			buildActionMask = 2147483647;
			files = (
				428BA37A20BFDFDD0050FB79 /* LaunchScreen.storyboard in Resources */,
				428BA37720BFDFDD0050FB79 /* Assets.xcassets in Resources */,
				428BA37520BFDFDC0050FB79 /* Main.storyboard in Resources */,
			);
			runOnlyForDeploymentPostprocessing = 0;
		};
		428BA37E20BFDFDD0050FB79 /* Resources */ = {
			isa = PBXResourcesBuildPhase;
			buildActionMask = 2147483647;
			files = (
			);
			runOnlyForDeploymentPostprocessing = 0;
		};
		428BA38920BFDFDD0050FB79 /* Resources */ = {
			isa = PBXResourcesBuildPhase;
			buildActionMask = 2147483647;
			files = (
			);
			runOnlyForDeploymentPostprocessing = 0;
		};
/* End PBXResourcesBuildPhase section */

/* Begin PBXSourcesBuildPhase section */
		428BA36820BFDFDC0050FB79 /* Sources */ = {
			isa = PBXSourcesBuildPhase;
			buildActionMask = 2147483647;
			files = (
				428BA37220BFDFDC0050FB79 /* ViewController.swift in Sources */,
				428BA37020BFDFDC0050FB79 /* AppDelegate.swift in Sources */,
			);
			runOnlyForDeploymentPostprocessing = 0;
		};
		428BA37C20BFDFDD0050FB79 /* Sources */ = {
			isa = PBXSourcesBuildPhase;
			buildActionMask = 2147483647;
			files = (
				428BA38520BFDFDD0050FB79 /* Gradient_Background_UIViewTests.swift in Sources */,
			);
			runOnlyForDeploymentPostprocessing = 0;
		};
		428BA38720BFDFDD0050FB79 /* Sources */ = {
			isa = PBXSourcesBuildPhase;
			buildActionMask = 2147483647;
			files = (
				428BA39020BFDFDD0050FB79 /* Gradient_Background_UIViewUITests.swift in Sources */,
			);
			runOnlyForDeploymentPostprocessing = 0;
		};
/* End PBXSourcesBuildPhase section */

/* Begin PBXTargetDependency section */
		428BA38220BFDFDD0050FB79 /* PBXTargetDependency */ = {
			isa = PBXTargetDependency;
			target = 428BA36B20BFDFDC0050FB79 /* Gradient Background UIView */;
			targetProxy = 428BA38120BFDFDD0050FB79 /* PBXContainerItemProxy */;
		};
		428BA38D20BFDFDD0050FB79 /* PBXTargetDependency */ = {
			isa = PBXTargetDependency;
			target = 428BA36B20BFDFDC0050FB79 /* Gradient Background UIView */;
			targetProxy = 428BA38C20BFDFDD0050FB79 /* PBXContainerItemProxy */;
		};
/* End PBXTargetDependency section */

/* Begin PBXVariantGroup section */
		428BA37320BFDFDC0050FB79 /* Main.storyboard */ = {
			isa = PBXVariantGroup;
			children = (
				428BA37420BFDFDC0050FB79 /* Base */,
			);
			name = Main.storyboard;
			sourceTree = "<group>";
		};
		428BA37820BFDFDD0050FB79 /* LaunchScreen.storyboard */ = {
			isa = PBXVariantGroup;
			children = (
				428BA37920BFDFDD0050FB79 /* Base */,
			);
			name = LaunchScreen.storyboard;
			sourceTree = "<group>";
		};
/* End PBXVariantGroup section */

/* Begin XCBuildConfiguration section */
		428BA39220BFDFDD0050FB79 /* Debug */ = {
			isa = XCBuildConfiguration;
			buildSettings = {
				ALWAYS_SEARCH_USER_PATHS = NO;
				CLANG_ANALYZER_NONNULL = YES;
				CLANG_ANALYZER_NUMBER_OBJECT_CONVERSION = YES_AGGRESSIVE;
				CLANG_CXX_LANGUAGE_STANDARD = "gnu++14";
				CLANG_CXX_LIBRARY = "libc++";
				CLANG_ENABLE_MODULES = YES;
				CLANG_ENABLE_OBJC_ARC = YES;
				CLANG_ENABLE_OBJC_WEAK = YES;
				CLANG_WARN_BLOCK_CAPTURE_AUTORELEASING = YES;
				CLANG_WARN_BOOL_CONVERSION = YES;
				CLANG_WARN_COMMA = YES;
				CLANG_WARN_CONSTANT_CONVERSION = YES;
				CLANG_WARN_DEPRECATED_OBJC_IMPLEMENTATIONS = YES;
				CLANG_WARN_DIRECT_OBJC_ISA_USAGE = YES_ERROR;
				CLANG_WARN_DOCUMENTATION_COMMENTS = YES;
				CLANG_WARN_EMPTY_BODY = YES;
				CLANG_WARN_ENUM_CONVERSION = YES;
				CLANG_WARN_INFINITE_RECURSION = YES;
				CLANG_WARN_INT_CONVERSION = YES;
				CLANG_WARN_NON_LITERAL_NULL_CONVERSION = YES;
				CLANG_WARN_OBJC_IMPLICIT_RETAIN_SELF = YES;
				CLANG_WARN_OBJC_LITERAL_CONVERSION = YES;
				CLANG_WARN_OBJC_ROOT_CLASS = YES_ERROR;
				CLANG_WARN_RANGE_LOOP_ANALYSIS = YES;
				CLANG_WARN_STRICT_PROTOTYPES = YES;
				CLANG_WARN_SUSPICIOUS_MOVE = YES;
				CLANG_WARN_UNGUARDED_AVAILABILITY = YES_AGGRESSIVE;
				CLANG_WARN_UNREACHABLE_CODE = YES;
				CLANG_WARN__DUPLICATE_METHOD_MATCH = YES;
				CODE_SIGN_IDENTITY = "iPhone Developer";
				COPY_PHASE_STRIP = NO;
				DEBUG_INFORMATION_FORMAT = dwarf;
				ENABLE_STRICT_OBJC_MSGSEND = YES;
				ENABLE_TESTABILITY = YES;
				GCC_C_LANGUAGE_STANDARD = gnu11;
				GCC_DYNAMIC_NO_PIC = NO;
				GCC_NO_COMMON_BLOCKS = YES;
				GCC_OPTIMIZATION_LEVEL = 0;
				GCC_PREPROCESSOR_DEFINITIONS = (
					"DEBUG=1",
					"$(inherited)",
				);
				GCC_WARN_64_TO_32_BIT_CONVERSION = YES;
				GCC_WARN_ABOUT_RETURN_TYPE = YES_ERROR;
				GCC_WARN_UNDECLARED_SELECTOR = YES;
				GCC_WARN_UNINITIALIZED_AUTOS = YES_AGGRESSIVE;
				GCC_WARN_UNUSED_FUNCTION = YES;
				GCC_WARN_UNUSED_VARIABLE = YES;
				IPHONEOS_DEPLOYMENT_TARGET = 11.3;
				MTL_ENABLE_DEBUG_INFO = YES;
				ONLY_ACTIVE_ARCH = YES;
				SDKROOT = iphoneos;
				SWIFT_ACTIVE_COMPILATION_CONDITIONS = DEBUG;
				SWIFT_OPTIMIZATION_LEVEL = "-Onone";
			};
			name = Debug;
		};
		428BA39320BFDFDD0050FB79 /* Release */ = {
			isa = XCBuildConfiguration;
			buildSettings = {
				ALWAYS_SEARCH_USER_PATHS = NO;
				CLANG_ANALYZER_NONNULL = YES;
				CLANG_ANALYZER_NUMBER_OBJECT_CONVERSION = YES_AGGRESSIVE;
				CLANG_CXX_LANGUAGE_STANDARD = "gnu++14";
				CLANG_CXX_LIBRARY = "libc++";
				CLANG_ENABLE_MODULES = YES;
				CLANG_ENABLE_OBJC_ARC = YES;
				CLANG_ENABLE_OBJC_WEAK = YES;
				CLANG_WARN_BLOCK_CAPTURE_AUTORELEASING = YES;
				CLANG_WARN_BOOL_CONVERSION = YES;
				CLANG_WARN_COMMA = YES;
				CLANG_WARN_CONSTANT_CONVERSION = YES;
				CLANG_WARN_DEPRECATED_OBJC_IMPLEMENTATIONS = YES;
				CLANG_WARN_DIRECT_OBJC_ISA_USAGE = YES_ERROR;
				CLANG_WARN_DOCUMENTATION_COMMENTS = YES;
				CLANG_WARN_EMPTY_BODY = YES;
				CLANG_WARN_ENUM_CONVERSION = YES;
				CLANG_WARN_INFINITE_RECURSION = YES;
				CLANG_WARN_INT_CONVERSION = YES;
				CLANG_WARN_NON_LITERAL_NULL_CONVERSION = YES;
				CLANG_WARN_OBJC_IMPLICIT_RETAIN_SELF = YES;
				CLANG_WARN_OBJC_LITERAL_CONVERSION = YES;
				CLANG_WARN_OBJC_ROOT_CLASS = YES_ERROR;
				CLANG_WARN_RANGE_LOOP_ANALYSIS = YES;
				CLANG_WARN_STRICT_PROTOTYPES = YES;
				CLANG_WARN_SUSPICIOUS_MOVE = YES;
				CLANG_WARN_UNGUARDED_AVAILABILITY = YES_AGGRESSIVE;
				CLANG_WARN_UNREACHABLE_CODE = YES;
				CLANG_WARN__DUPLICATE_METHOD_MATCH = YES;
				CODE_SIGN_IDENTITY = "iPhone Developer";
				COPY_PHASE_STRIP = NO;
				DEBUG_INFORMATION_FORMAT = "dwarf-with-dsym";
				ENABLE_NS_ASSERTIONS = NO;
				ENABLE_STRICT_OBJC_MSGSEND = YES;
				GCC_C_LANGUAGE_STANDARD = gnu11;
				GCC_NO_COMMON_BLOCKS = YES;
				GCC_WARN_64_TO_32_BIT_CONVERSION = YES;
				GCC_WARN_ABOUT_RETURN_TYPE = YES_ERROR;
				GCC_WARN_UNDECLARED_SELECTOR = YES;
				GCC_WARN_UNINITIALIZED_AUTOS = YES_AGGRESSIVE;
				GCC_WARN_UNUSED_FUNCTION = YES;
				GCC_WARN_UNUSED_VARIABLE = YES;
				IPHONEOS_DEPLOYMENT_TARGET = 11.3;
				MTL_ENABLE_DEBUG_INFO = NO;
				SDKROOT = iphoneos;
				SWIFT_COMPILATION_MODE = wholemodule;
				SWIFT_OPTIMIZATION_LEVEL = "-O";
				VALIDATE_PRODUCT = YES;
			};
			name = Release;
		};
		428BA39520BFDFDD0050FB79 /* Debug */ = {
			isa = XCBuildConfiguration;
			buildSettings = {
				ASSETCATALOG_COMPILER_APPICON_NAME = AppIcon;
				CODE_SIGN_STYLE = Automatic;
				DEVELOPMENT_TEAM = "";
				INFOPLIST_FILE = "Gradient Background UIView/Info.plist";
				LD_RUNPATH_SEARCH_PATHS = (
					"$(inherited)",
					"@executable_path/Frameworks",
				);
				PRODUCT_BUNDLE_IDENTIFIER = "com.mrcfal.Gradient-Background-UIView";
				PRODUCT_NAME = "$(TARGET_NAME)";
				SWIFT_VERSION = 4.0;
				TARGETED_DEVICE_FAMILY = "1,2";
			};
			name = Debug;
		};
		428BA39620BFDFDD0050FB79 /* Release */ = {
			isa = XCBuildConfiguration;
			buildSettings = {
				ASSETCATALOG_COMPILER_APPICON_NAME = AppIcon;
				CODE_SIGN_STYLE = Automatic;
				DEVELOPMENT_TEAM = "";
				INFOPLIST_FILE = "Gradient Background UIView/Info.plist";
				LD_RUNPATH_SEARCH_PATHS = (
					"$(inherited)",
					"@executable_path/Frameworks",
				);
				PRODUCT_BUNDLE_IDENTIFIER = "com.mrcfal.Gradient-Background-UIView";
				PRODUCT_NAME = "$(TARGET_NAME)";
				SWIFT_VERSION = 4.0;
				TARGETED_DEVICE_FAMILY = "1,2";
			};
			name = Release;
		};
		428BA39820BFDFDD0050FB79 /* Debug */ = {
			isa = XCBuildConfiguration;
			buildSettings = {
				ALWAYS_EMBED_SWIFT_STANDARD_LIBRARIES = YES;
				BUNDLE_LOADER = "$(TEST_HOST)";
				CODE_SIGN_STYLE = Automatic;
				DEVELOPMENT_TEAM = L4CBTPH6UD;
				INFOPLIST_FILE = "Gradient Background UIViewTests/Info.plist";
				LD_RUNPATH_SEARCH_PATHS = (
					"$(inherited)",
					"@executable_path/Frameworks",
					"@loader_path/Frameworks",
				);
				PRODUCT_BUNDLE_IDENTIFIER = "com.mrcfal.Gradient-Background-UIViewTests";
				PRODUCT_NAME = "$(TARGET_NAME)";
				SWIFT_VERSION = 4.0;
				TARGETED_DEVICE_FAMILY = "1,2";
				TEST_HOST = "$(BUILT_PRODUCTS_DIR)/Gradient Background UIView.app/Gradient Background UIView";
			};
			name = Debug;
		};
		428BA39920BFDFDD0050FB79 /* Release */ = {
			isa = XCBuildConfiguration;
			buildSettings = {
				ALWAYS_EMBED_SWIFT_STANDARD_LIBRARIES = YES;
				BUNDLE_LOADER = "$(TEST_HOST)";
				CODE_SIGN_STYLE = Automatic;
				DEVELOPMENT_TEAM = L4CBTPH6UD;
				INFOPLIST_FILE = "Gradient Background UIViewTests/Info.plist";
				LD_RUNPATH_SEARCH_PATHS = (
					"$(inherited)",
					"@executable_path/Frameworks",
					"@loader_path/Frameworks",
				);
				PRODUCT_BUNDLE_IDENTIFIER = "com.mrcfal.Gradient-Background-UIViewTests";
				PRODUCT_NAME = "$(TARGET_NAME)";
				SWIFT_VERSION = 4.0;
				TARGETED_DEVICE_FAMILY = "1,2";
				TEST_HOST = "$(BUILT_PRODUCTS_DIR)/Gradient Background UIView.app/Gradient Background UIView";
			};
			name = Release;
		};
		428BA39B20BFDFDD0050FB79 /* Debug */ = {
			isa = XCBuildConfiguration;
			buildSettings = {
				ALWAYS_EMBED_SWIFT_STANDARD_LIBRARIES = YES;
				CODE_SIGN_STYLE = Automatic;
				DEVELOPMENT_TEAM = L4CBTPH6UD;
				INFOPLIST_FILE = "Gradient Background UIViewUITests/Info.plist";
				LD_RUNPATH_SEARCH_PATHS = (
					"$(inherited)",
					"@executable_path/Frameworks",
					"@loader_path/Frameworks",
				);
				PRODUCT_BUNDLE_IDENTIFIER = "com.mrcfal.Gradient-Background-UIViewUITests";
				PRODUCT_NAME = "$(TARGET_NAME)";
				SWIFT_VERSION = 4.0;
				TARGETED_DEVICE_FAMILY = "1,2";
				TEST_TARGET_NAME = "Gradient Background UIView";
			};
			name = Debug;
		};
		428BA39C20BFDFDD0050FB79 /* Release */ = {
			isa = XCBuildConfiguration;
			buildSettings = {
				ALWAYS_EMBED_SWIFT_STANDARD_LIBRARIES = YES;
				CODE_SIGN_STYLE = Automatic;
				DEVELOPMENT_TEAM = L4CBTPH6UD;
				INFOPLIST_FILE = "Gradient Background UIViewUITests/Info.plist";
				LD_RUNPATH_SEARCH_PATHS = (
					"$(inherited)",
					"@executable_path/Frameworks",
					"@loader_path/Frameworks",
				);
				PRODUCT_BUNDLE_IDENTIFIER = "com.mrcfal.Gradient-Background-UIViewUITests";
				PRODUCT_NAME = "$(TARGET_NAME)";
				SWIFT_VERSION = 4.0;
				TARGETED_DEVICE_FAMILY = "1,2";
				TEST_TARGET_NAME = "Gradient Background UIView";
			};
			name = Release;
		};
/* End XCBuildConfiguration section */

/* Begin XCConfigurationList section */
		428BA36720BFDFDC0050FB79 /* Build configuration list for PBXProject "Gradient Background UIView" */ = {
			isa = XCConfigurationList;
			buildConfigurations = (
				428BA39220BFDFDD0050FB79 /* Debug */,
				428BA39320BFDFDD0050FB79 /* Release */,
			);
			defaultConfigurationIsVisible = 0;
			defaultConfigurationName = Release;
		};
		428BA39420BFDFDD0050FB79 /* Build configuration list for PBXNativeTarget "Gradient Background UIView" */ = {
			isa = XCConfigurationList;
			buildConfigurations = (
				428BA39520BFDFDD0050FB79 /* Debug */,
				428BA39620BFDFDD0050FB79 /* Release */,
			);
			defaultConfigurationIsVisible = 0;
			defaultConfigurationName = Release;
		};
		428BA39720BFDFDD0050FB79 /* Build configuration list for PBXNativeTarget "Gradient Background UIViewTests" */ = {
			isa = XCConfigurationList;
			buildConfigurations = (
				428BA39820BFDFDD0050FB79 /* Debug */,
				428BA39920BFDFDD0050FB79 /* Release */,
			);
			defaultConfigurationIsVisible = 0;
			defaultConfigurationName = Release;
		};
		428BA39A20BFDFDD0050FB79 /* Build configuration list for PBXNativeTarget "Gradient Background UIViewUITests" */ = {
			isa = XCConfigurationList;
			buildConfigurations = (
				428BA39B20BFDFDD0050FB79 /* Debug */,
				428BA39C20BFDFDD0050FB79 /* Release */,
			);
			defaultConfigurationIsVisible = 0;
			defaultConfigurationName = Release;
		};
/* End XCConfigurationList section */
	};
	rootObject = 428BA36420BFDFDC0050FB79 /* Project object */;
}
